
Microsoft Visual Studio Solution File, Format Version 12.00
# Visual Studio Version 17
VisualStudioVersion = 17.7.34031.279
MinimumVisualStudioVersion = 10.0.40219.1
Project("{FAE04EC0-301F-11D3-BF4B-00C04F79EFBC}") = "182.WPF 07C - Databinding", "182.WPF 07C - Databinding.csproj", "{08D88292-B259-4A06-AE00-D0A87975258A}"
EndProject
Project("{FAE04EC0-301F-11D3-BF4B-00C04F79EFBC}") = "183.WPF 08C - INotifyPropertyChanged Interface", "..\..\183.WPF 08C - INotifyPropertyChanged Interface\WPF 08C - INotifyPropertyChanged Interface\183.WPF 08C - INotifyPropertyChanged Interface.csproj", "{67D711FA-264C-403D-9B76-B37477964198}"
EndProject
Project("{FAE04EC0-301F-11D3-BF4B-00C04F79EFBC}") = "184.WPF 09C - ListBox", "..\..\184.WPF 09C - ListBox\WPF 09C - ListBox\184.WPF 09C - ListBox.csproj", "{6F65E51C-51D7-45B8-8F92-B6F2E5C4354B}"
EndProject
Project("{FAE04EC0-301F-11D3-BF4B-00C04F79EFBC}") = "185.WPF 10C Combobox", "..\..\185.WPF 10C Combobox\WPF 10C Combobox\185.WPF 10C Combobox.csproj", "{8178C4FB-CB1C-4BBC-8A1B-E453C2E56A3D}"
EndProject
Project("{FAE04EC0-301F-11D3-BF4B-00C04F79EFBC}") = "186.WPF 11C - Checkbox", "..\..\186.WPF 11C - Checkbox\WPF 11C - Checkbox\186.WPF 11C - Checkbox.csproj", "{4E9A59A9-9350-44B8-9F4B-3B181D647831}"
EndProject
Project("{FAE04EC0-301F-11D3-BF4B-00C04F79EFBC}") = "187.WPF 12C - ToolTips", "..\..\187.WPF 12C - ToolTips\WPF 12C - ToolTips\187.WPF 12C - ToolTips.csproj", "{844779AA-C11E-450C-8048-C2E7FC8F308A}"
EndProject
Project("{FAE04EC0-301F-11D3-BF4B-00C04F79EFBC}") = "188.WPF 13C - RadioButton", "..\..\188.WPF 13C - RadioButton\WPF 13C - RadioButton\188.WPF 13C - RadioButton.csproj", "{FE0228F6-0E87-4EAB-B875-82572C1DC564}"
EndProject
Project("{FAE04EC0-301F-11D3-BF4B-00C04F79EFBC}") = "189.WPF 14C Property Data and Event Triggers", "..\..\189.WPF 14C Property Data and Event Triggers\WPF 14C Property Data and Event Triggers\189.WPF 14C Property Data and Event Triggers.csproj", "{E783F938-1C97-472C-857A-EC7D3DF5F63D}"
EndProject
Project("{FAE04EC0-301F-11D3-BF4B-00C04F79EFBC}") = "190.WPF 15c - PasswordBox", "..\..\190.WPF 15c - PasswordBox\WPF 15c - PasswordBox\190.WPF 15c - PasswordBox.csproj", "{5A21B56D-406B-4210-8EE6-AF4FD6CEFAC4}"
EndProject
Project("{FAE04EC0-301F-11D3-BF4B-00C04F79EFBC}") = "176.WPF 01C-Introduction", "..\..\176.WPF 01C -Introduction\WPF 01C\176.WPF 01C-Introduction.csproj", "{83E10516-9C28-4482-ABD5-4CF302A72997}"
EndProject
Project("{FAE04EC0-301F-11D3-BF4B-00C04F79EFBC}") = "177.WPF 02C - XAML Basics", "..\..\177.WPF 02C - XAML Basics\WPF 02C - XAML Basics\177.WPF 02C - XAML Basics.csproj", "{372AB08A-B572-419B-ABF9-4ED1EA9B256A}"
EndProject
Project("{FAE04EC0-301F-11D3-BF4B-00C04F79EFBC}") = "178.WPF 03C - Stackpanel and ListBox", "..\..\178.WPF 03C - Stackpanel and ListBox\WPF 03C - Stackpanel and ListBox\178.WPF 03C - Stackpanel and ListBox.csproj", "{69EBB690-94FE-4335-B9AD-CA8E71139627}"
EndProject
Project("{FAE04EC0-301F-11D3-BF4B-00C04F79EFBC}") = "179.WPF 04C Events in XAML", "..\..\179.WPF 04C Events in XAML\WPF 04C Events in XAML\179.WPF 04C Events in XAML.csproj", "{F0B6F631-771B-4AA0-8F22-075F0A4B3171}"
EndProject
Project("{FAE04EC0-301F-11D3-BF4B-00C04F79EFBC}") = "181.WPF 05C - Grid", "..\..\181.WPF 05C - Grid\WPF 05C - Grid\181.WPF 05C - Grid.csproj", "{3480F6C2-044E-4842-86CA-D495F4B6AAA2}"
EndProject
Global
	GlobalSection(SolutionConfigurationPlatforms) = preSolution
		Debug|Any CPU = Debug|Any CPU
		Release|Any CPU = Release|Any CPU
	EndGlobalSection
	GlobalSection(ProjectConfigurationPlatforms) = postSolution
		{08D88292-B259-4A06-AE00-D0A87975258A}.Debug|Any CPU.ActiveCfg = Debug|Any CPU
		{08D88292-B259-4A06-AE00-D0A87975258A}.Debug|Any CPU.Build.0 = Debug|Any CPU
		{08D88292-B259-4A06-AE00-D0A87975258A}.Release|Any CPU.ActiveCfg = Release|Any CPU
		{08D88292-B259-4A06-AE00-D0A87975258A}.Release|Any CPU.Build.0 = Release|Any CPU
		{67D711FA-264C-403D-9B76-B37477964198}.Debug|Any CPU.ActiveCfg = Debug|Any CPU
		{67D711FA-264C-403D-9B76-B37477964198}.Debug|Any CPU.Build.0 = Debug|Any CPU
		{67D711FA-264C-403D-9B76-B37477964198}.Release|Any CPU.ActiveCfg = Release|Any CPU
		{67D711FA-264C-403D-9B76-B37477964198}.Release|Any CPU.Build.0 = Release|Any CPU
		{6F65E51C-51D7-45B8-8F92-B6F2E5C4354B}.Debug|Any CPU.ActiveCfg = Debug|Any CPU
		{6F65E51C-51D7-45B8-8F92-B6F2E5C4354B}.Debug|Any CPU.Build.0 = Debug|Any CPU
		{6F65E51C-51D7-45B8-8F92-B6F2E5C4354B}.Release|Any CPU.ActiveCfg = Release|Any CPU
		{6F65E51C-51D7-45B8-8F92-B6F2E5C4354B}.Release|Any CPU.Build.0 = Release|Any CPU
		{8178C4FB-CB1C-4BBC-8A1B-E453C2E56A3D}.Debug|Any CPU.ActiveCfg = Debug|Any CPU
		{8178C4FB-CB1C-4BBC-8A1B-E453C2E56A3D}.Debug|Any CPU.Build.0 = Debug|Any CPU
		{8178C4FB-CB1C-4BBC-8A1B-E453C2E56A3D}.Release|Any CPU.ActiveCfg = Release|Any CPU
		{8178C4FB-CB1C-4BBC-8A1B-E453C2E56A3D}.Release|Any CPU.Build.0 = Release|Any CPU
		{4E9A59A9-9350-44B8-9F4B-3B181D647831}.Debug|Any CPU.ActiveCfg = Debug|Any CPU
		{4E9A59A9-9350-44B8-9F4B-3B181D647831}.Debug|Any CPU.Build.0 = Debug|Any CPU
		{4E9A59A9-9350-44B8-9F4B-3B181D647831}.Release|Any CPU.ActiveCfg = Release|Any CPU
		{4E9A59A9-9350-44B8-9F4B-3B181D647831}.Release|Any CPU.Build.0 = Release|Any CPU
		{844779AA-C11E-450C-8048-C2E7FC8F308A}.Debug|Any CPU.ActiveCfg = Debug|Any CPU
		{844779AA-C11E-450C-8048-C2E7FC8F308A}.Debug|Any CPU.Build.0 = Debug|Any CPU
		{844779AA-C11E-450C-8048-C2E7FC8F308A}.Release|Any CPU.ActiveCfg = Release|Any CPU
		{844779AA-C11E-450C-8048-C2E7FC8F308A}.Release|Any CPU.Build.0 = Release|Any CPU
		{FE0228F6-0E87-4EAB-B875-82572C1DC564}.Debug|Any CPU.ActiveCfg = Debug|Any CPU
		{FE0228F6-0E87-4EAB-B875-82572C1DC564}.Debug|Any CPU.Build.0 = Debug|Any CPU
		{FE0228F6-0E87-4EAB-B875-82572C1DC564}.Release|Any CPU.ActiveCfg = Release|Any CPU
		{FE0228F6-0E87-4EAB-B875-82572C1DC564}.Release|Any CPU.Build.0 = Release|Any CPU
		{E783F938-1C97-472C-857A-EC7D3DF5F63D}.Debug|Any CPU.ActiveCfg = Debug|Any CPU
		{E783F938-1C97-472C-857A-EC7D3DF5F63D}.Debug|Any CPU.Build.0 = Debug|Any CPU
		{E783F938-1C97-472C-857A-EC7D3DF5F63D}.Release|Any CPU.ActiveCfg = Release|Any CPU
		{E783F938-1C97-472C-857A-EC7D3DF5F63D}.Release|Any CPU.Build.0 = Release|Any CPU
		{5A21B56D-406B-4210-8EE6-AF4FD6CEFAC4}.Debug|Any CPU.ActiveCfg = Debug|Any CPU
		{5A21B56D-406B-4210-8EE6-AF4FD6CEFAC4}.Debug|Any CPU.Build.0 = Debug|Any CPU
		{5A21B56D-406B-4210-8EE6-AF4FD6CEFAC4}.Release|Any CPU.ActiveCfg = Release|Any CPU
		{5A21B56D-406B-4210-8EE6-AF4FD6CEFAC4}.Release|Any CPU.Build.0 = Release|Any CPU
		{83E10516-9C28-4482-ABD5-4CF302A72997}.Debug|Any CPU.ActiveCfg = Debug|Any CPU
		{83E10516-9C28-4482-ABD5-4CF302A72997}.Debug|Any CPU.Build.0 = Debug|Any CPU
		{83E10516-9C28-4482-ABD5-4CF302A72997}.Release|Any CPU.ActiveCfg = Release|Any CPU
		{83E10516-9C28-4482-ABD5-4CF302A72997}.Release|Any CPU.Build.0 = Release|Any CPU
		{372AB08A-B572-419B-ABF9-4ED1EA9B256A}.Debug|Any CPU.ActiveCfg = Debug|Any CPU
		{372AB08A-B572-419B-ABF9-4ED1EA9B256A}.Debug|Any CPU.Build.0 = Debug|Any CPU
		{372AB08A-B572-419B-ABF9-4ED1EA9B256A}.Release|Any CPU.ActiveCfg = Release|Any CPU
		{372AB08A-B572-419B-ABF9-4ED1EA9B256A}.Release|Any CPU.Build.0 = Release|Any CPU
		{69EBB690-94FE-4335-B9AD-CA8E71139627}.Debug|Any CPU.ActiveCfg = Debug|Any CPU
		{69EBB690-94FE-4335-B9AD-CA8E71139627}.Debug|Any CPU.Build.0 = Debug|Any CPU
		{69EBB690-94FE-4335-B9AD-CA8E71139627}.Release|Any CPU.ActiveCfg = Release|Any CPU
		{69EBB690-94FE-4335-B9AD-CA8E71139627}.Release|Any CPU.Build.0 = Release|Any CPU
		{F0B6F631-771B-4AA0-8F22-075F0A4B3171}.Debug|Any CPU.ActiveCfg = Debug|Any CPU
		{F0B6F631-771B-4AA0-8F22-075F0A4B3171}.Debug|Any CPU.Build.0 = Debug|Any CPU
		{F0B6F631-771B-4AA0-8F22-075F0A4B3171}.Release|Any CPU.ActiveCfg = Release|Any CPU
		{F0B6F631-771B-4AA0-8F22-075F0A4B3171}.Release|Any CPU.Build.0 = Release|Any CPU
		{3480F6C2-044E-4842-86CA-D495F4B6AAA2}.Debug|Any CPU.ActiveCfg = Debug|Any CPU
		{3480F6C2-044E-4842-86CA-D495F4B6AAA2}.Debug|Any CPU.Build.0 = Debug|Any CPU
		{3480F6C2-044E-4842-86CA-D495F4B6AAA2}.Release|Any CPU.ActiveCfg = Release|Any CPU
		{3480F6C2-044E-4842-86CA-D495F4B6AAA2}.Release|Any CPU.Build.0 = Release|Any CPU
	EndGlobalSection
	GlobalSection(SolutionProperties) = preSolution
		HideSolutionNode = FALSE
	EndGlobalSection
	GlobalSection(ExtensibilityGlobals) = postSolution
		SolutionGuid = {1939E356-D2D4-40E0-8FC8-ECDE30BFC9D7}
	EndGlobalSection
EndGlobal
