
Microsoft Visual Studio Solution File, Format Version 12.00
# Visual Studio Version 17
VisualStudioVersion = 17.7.34031.279
MinimumVisualStudioVersion = 10.0.40219.1
Project("{FAE04EC0-301F-11D3-BF4B-00C04F79EFBC}") = "InheritanceDemo", "InheritanceDemo\InheritanceDemo.csproj", "{74837754-9A7A-4B5A-9B6A-6734FE5F8EAF}"
EndProject
Global
	GlobalSection(SolutionConfigurationPlatforms) = preSolution
		Debug|Any CPU = Debug|Any CPU
		Release|Any CPU = Release|Any CPU
	EndGlobalSection
	GlobalSection(ProjectConfigurationPlatforms) = postSolution
		{74837754-9A7A-4B5A-9B6A-6734FE5F8EAF}.Debug|Any CPU.ActiveCfg = Debug|Any CPU
		{74837754-9A7A-4B5A-9B6A-6734FE5F8EAF}.Debug|Any CPU.Build.0 = Debug|Any CPU
		{74837754-9A7A-4B5A-9B6A-6734FE5F8EAF}.Release|Any CPU.ActiveCfg = Release|Any CPU
		{74837754-9A7A-4B5A-9B6A-6734FE5F8EAF}.Release|Any CPU.Build.0 = Release|Any CPU
	EndGlobalSection
	GlobalSection(SolutionProperties) = preSolution
		HideSolutionNode = FALSE
	EndGlobalSection
	GlobalSection(ExtensibilityGlobals) = postSolution
		SolutionGuid = {AE3D108D-0325-464F-9878-75DA5CB38FC7}
	EndGlobalSection
EndGlobal
