
Microsoft Visual Studio Solution File, Format Version 12.00
# Visual Studio 15
VisualStudioVersion = 15.0.26730.16
MinimumVisualStudioVersion = 10.0.40219.1
Project("{FAE04EC0-301F-11D3-BF4B-00C04F79EFBC}") = "IfStatementsChallenge2", "IfStatementsChallenge2\IfStatementsChallenge2.csproj", "{296E2694-31C8-41C1-AA29-D71B3CCF76DD}"
EndProject
Global
	GlobalSection(SolutionConfigurationPlatforms) = preSolution
		Debug|Any CPU = Debug|Any CPU
		Release|Any CPU = Release|Any CPU
	EndGlobalSection
	GlobalSection(ProjectConfigurationPlatforms) = postSolution
		{296E2694-31C8-41C1-AA29-D71B3CCF76DD}.Debug|Any CPU.ActiveCfg = Debug|Any CPU
		{296E2694-31C8-41C1-AA29-D71B3CCF76DD}.Debug|Any CPU.Build.0 = Debug|Any CPU
		{296E2694-31C8-41C1-AA29-D71B3CCF76DD}.Release|Any CPU.ActiveCfg = Release|Any CPU
		{296E2694-31C8-41C1-AA29-D71B3CCF76DD}.Release|Any CPU.Build.0 = Release|Any CPU
	EndGlobalSection
	GlobalSection(SolutionProperties) = preSolution
		HideSolutionNode = FALSE
	EndGlobalSection
	GlobalSection(ExtensibilityGlobals) = postSolution
		SolutionGuid = {BACA3615-0B79-47E5-840D-A014140DD6D8}
	EndGlobalSection
EndGlobal
