
Microsoft Visual Studio Solution File, Format Version 12.00
# Visual Studio Version 17
VisualStudioVersion = 17.7.34031.279
MinimumVisualStudioVersion = 10.0.40219.1
Project("{FAE04EC0-301F-11D3-BF4B-00C04F79EFBC}") = "WhyParams", "WhyParams\WhyParams.csproj", "{81831A4B-F862-40C0-9C29-432261BE0B79}"
EndProject
Global
	GlobalSection(SolutionConfigurationPlatforms) = preSolution
		Debug|Any CPU = Debug|Any CPU
		Release|Any CPU = Release|Any CPU
	EndGlobalSection
	GlobalSection(ProjectConfigurationPlatforms) = postSolution
		{81831A4B-F862-40C0-9C29-432261BE0B79}.Debug|Any CPU.ActiveCfg = Debug|Any CPU
		{81831A4B-F862-40C0-9C29-432261BE0B79}.Debug|Any CPU.Build.0 = Debug|Any CPU
		{81831A4B-F862-40C0-9C29-432261BE0B79}.Release|Any CPU.ActiveCfg = Release|Any CPU
		{81831A4B-F862-40C0-9C29-432261BE0B79}.Release|Any CPU.Build.0 = Release|Any CPU
	EndGlobalSection
	GlobalSection(SolutionProperties) = preSolution
		HideSolutionNode = FALSE
	EndGlobalSection
	GlobalSection(ExtensibilityGlobals) = postSolution
		SolutionGuid = {CF9F01B7-F87A-4742-8E1B-AC5416ECFDE7}
	EndGlobalSection
EndGlobal
