
Microsoft Visual Studio Solution File, Format Version 12.00
# Visual Studio Version 17
VisualStudioVersion = 17.7.34031.279
MinimumVisualStudioVersion = 10.0.40219.1
Project("{FAE04EC0-301F-11D3-BF4B-00C04F79EFBC}") = "InterfaceDemo", "InterfaceDemo\InterfaceDemo.csproj", "{611D481E-4320-44F1-93F9-4D8D17BEBB7C}"
EndProject
Global
	GlobalSection(SolutionConfigurationPlatforms) = preSolution
		Debug|Any CPU = Debug|Any CPU
		Release|Any CPU = Release|Any CPU
	EndGlobalSection
	GlobalSection(ProjectConfigurationPlatforms) = postSolution
		{611D481E-4320-44F1-93F9-4D8D17BEBB7C}.Debug|Any CPU.ActiveCfg = Debug|Any CPU
		{611D481E-4320-44F1-93F9-4D8D17BEBB7C}.Debug|Any CPU.Build.0 = Debug|Any CPU
		{611D481E-4320-44F1-93F9-4D8D17BEBB7C}.Release|Any CPU.ActiveCfg = Release|Any CPU
		{611D481E-4320-44F1-93F9-4D8D17BEBB7C}.Release|Any CPU.Build.0 = Release|Any CPU
	EndGlobalSection
	GlobalSection(SolutionProperties) = preSolution
		HideSolutionNode = FALSE
	EndGlobalSection
	GlobalSection(ExtensibilityGlobals) = postSolution
		SolutionGuid = {55B597B0-B599-4FBB-9B5B-7D9A85A5438C}
	EndGlobalSection
EndGlobal
